// !$*UTF8*$!
{
	archiveVersion = 1;
	classes = {
	};
	objectVersion = 77;
	objects = {

/* Begin PBXContainerItemProxy section */
		5B9F8A4E2EDEF66400E9B6F3 /* PBXContainerItemProxy */ = {
			isa = PBXContainerItemProxy;
			containerPortal = 5B58A7222E9F9E4C00EE2E22 /* Project object */;
			proxyType = 1;
			remoteGlobalIDString = 5B58A7292E9F9E4C00EE2E22;
			remoteInfo = "pomodoro-app";
		};
		5B9F8A5D2EDF108B00E9B6F3 /* PBXContainerItemProxy */ = {
			isa = PBXContainerItemProxy;
			containerPortal = 5B58A7222E9F9E4C00EE2E22 /* Project object */;
			proxyType = 1;
			remoteGlobalIDString = 5B58A7292E9F9E4C00EE2E22;
			remoteInfo = "pomodoro-app";
		};
/* End PBXContainerItemProxy section */

/* Begin PBXFileReference section */
		5B58A72A2E9F9E4C00EE2E22 /* pomodoro-app.app */ = {isa = PBXFileReference; explicitFileType = wrapper.application; includeInIndex = 0; path = "pomodoro-app.app"; sourceTree = BUILT_PRODUCTS_DIR; };
		5B9F8A4A2EDEF66400E9B6F3 /* pomodoro-appTests.xctest */ = {isa = PBXFileReference; explicitFileType = wrapper.cfbundle; includeInIndex = 0; path = "pomodoro-appTests.xctest"; sourceTree = BUILT_PRODUCTS_DIR; };
		5B9F8A572EDF108B00E9B6F3 /* pomodoro-appUITests.xctest */ = {isa = PBXFileReference; explicitFileType = wrapper.cfbundle; includeInIndex = 0; path = "pomodoro-appUITests.xctest"; sourceTree = BUILT_PRODUCTS_DIR; };
/* End PBXFileReference section */

/* Begin PBXFileSystemSynchronizedBuildFileExceptionSet section */
		5B45D21F2EB0FA32007F84D7 /* Exceptions for "pomodoro-app" folder in "pomodoro-app" target */ = {
			isa = PBXFileSystemSynchronizedBuildFileExceptionSet;
			membershipExceptions = (
				Info.plist,
			);
			target = 5B58A7292E9F9E4C00EE2E22 /* pomodoro-app */;
		};
/* End PBXFileSystemSynchronizedBuildFileExceptionSet section */

/* Begin PBXFileSystemSynchronizedRootGroup section */
		5B58A72C2E9F9E4C00EE2E22 /* pomodoro-app */ = {
			isa = PBXFileSystemSynchronizedRootGroup;
			exceptions = (
				5B45D21F2EB0FA32007F84D7 /* Exceptions for "pomodoro-app" folder in "pomodoro-app" target */,
			);
			path = "pomodoro-app";
			sourceTree = "<group>";
		};
		5B9F8A4B2EDEF66400E9B6F3 /* pomodoro-appTests */ = {
			isa = PBXFileSystemSynchronizedRootGroup;
			path = "pomodoro-appTests";
			sourceTree = "<group>";
		};
		5B9F8A582EDF108B00E9B6F3 /* pomodoro-appUITests */ = {
			isa = PBXFileSystemSynchronizedRootGroup;
			path = "pomodoro-appUITests";
			sourceTree = "<group>";
		};
/* End PBXFileSystemSynchronizedRootGroup section */

/* Begin PBXFrameworksBuildPhase section */
		5B58A7272E9F9E4C00EE2E22 /* Frameworks */ = {
			isa = PBXFrameworksBuildPhase;
			buildActionMask = 2147483647;
			files = (
			);
			runOnlyForDeploymentPostprocessing = 0;
		};
		5B9F8A472EDEF66400E9B6F3 /* Frameworks */ = {
			isa = PBXFrameworksBuildPhase;
			buildActionMask = 2147483647;
			files = (
			);
			runOnlyForDeploymentPostprocessing = 0;
		};
		5B9F8A542EDF108B00E9B6F3 /* Frameworks */ = {
			isa = PBXFrameworksBuildPhase;
			buildActionMask = 2147483647;
			files = (
			);
			runOnlyForDeploymentPostprocessing = 0;
		};
/* End PBXFrameworksBuildPhase section */

/* Begin PBXGroup section */
		5B58A7212E9F9E4C00EE2E22 = {
			isa = PBXGroup;
			children = (
				5B58A72C2E9F9E4C00EE2E22 /* pomodoro-app */,
				5B9F8A4B2EDEF66400E9B6F3 /* pomodoro-appTests */,
				5B9F8A582EDF108B00E9B6F3 /* pomodoro-appUITests */,
				5B58A72B2E9F9E4C00EE2E22 /* Products */,
			);
			sourceTree = "<group>";
		};
		5B58A72B2E9F9E4C00EE2E22 /* Products */ = {
			isa = PBXGroup;
			children = (
				5B58A72A2E9F9E4C00EE2E22 /* pomodoro-app.app */,
				5B9F8A4A2EDEF66400E9B6F3 /* pomodoro-appTests.xctest */,
				5B9F8A572EDF108B00E9B6F3 /* pomodoro-appUITests.xctest */,
			);
			name = Products;
			sourceTree = "<group>";
		};
/* End PBXGroup section */

/* Begin PBXNativeTarget section */
		5B58A7292E9F9E4C00EE2E22 /* pomodoro-app */ = {
			isa = PBXNativeTarget;
			buildConfigurationList = 5B58A7352E9F9E4E00EE2E22 /* Build configuration list for PBXNativeTarget "pomodoro-app" */;
			buildPhases = (
				5B58A7262E9F9E4C00EE2E22 /* Sources */,
				5B58A7272E9F9E4C00EE2E22 /* Frameworks */,
				5B58A7282E9F9E4C00EE2E22 /* Resources */,
			);
			buildRules = (
			);
			dependencies = (
			);
			fileSystemSynchronizedGroups = (
				5B58A72C2E9F9E4C00EE2E22 /* pomodoro-app */,
			);
			name = "pomodoro-app";
			packageProductDependencies = (
			);
			productName = "pomodoro-app";
			productReference = 5B58A72A2E9F9E4C00EE2E22 /* pomodoro-app.app */;
			productType = "com.apple.product-type.application";
		};
		5B9F8A492EDEF66400E9B6F3 /* pomodoro-appTests */ = {
			isa = PBXNativeTarget;
			buildConfigurationList = 5B9F8A502EDEF66400E9B6F3 /* Build configuration list for PBXNativeTarget "pomodoro-appTests" */;
			buildPhases = (
				5B9F8A462EDEF66400E9B6F3 /* Sources */,
				5B9F8A472EDEF66400E9B6F3 /* Frameworks */,
				5B9F8A482EDEF66400E9B6F3 /* Resources */,
			);
			buildRules = (
			);
			dependencies = (
				5B9F8A4F2EDEF66400E9B6F3 /* PBXTargetDependency */,
			);
			fileSystemSynchronizedGroups = (
				5B9F8A4B2EDEF66400E9B6F3 /* pomodoro-appTests */,
			);
			name = "pomodoro-appTests";
			packageProductDependencies = (
			);
			productName = "pomodoro-appTests";
			productReference = 5B9F8A4A2EDEF66400E9B6F3 /* pomodoro-appTests.xctest */;
			productType = "com.apple.product-type.bundle.unit-test";
		};
		5B9F8A562EDF108B00E9B6F3 /* pomodoro-appUITests */ = {
			isa = PBXNativeTarget;
			buildConfigurationList = 5B9F8A5F2EDF108B00E9B6F3 /* Build configuration list for PBXNativeTarget "pomodoro-appUITests" */;
			buildPhases = (
				5B9F8A532EDF108B00E9B6F3 /* Sources */,
				5B9F8A542EDF108B00E9B6F3 /* Frameworks */,
				5B9F8A552EDF108B00E9B6F3 /* Resources */,
			);
			buildRules = (
			);
			dependencies = (
				5B9F8A5E2EDF108B00E9B6F3 /* PBXTargetDependency */,
			);
			fileSystemSynchronizedGroups = (
				5B9F8A582EDF108B00E9B6F3 /* pomodoro-appUITests */,
			);
			name = "pomodoro-appUITests";
			packageProductDependencies = (
			);
			productName = "pomodoro-appUITests";
			productReference = 5B9F8A572EDF108B00E9B6F3 /* pomodoro-appUITests.xctest */;
			productType = "com.apple.product-type.bundle.ui-testing";
		};
/* End PBXNativeTarget section */

/* Begin PBXProject section */
		5B58A7222E9F9E4C00EE2E22 /* Project object */ = {
			isa = PBXProject;
			attributes = {
				BuildIndependentTargetsInParallel = 1;
				LastSwiftUpdateCheck = 2610;
				LastUpgradeCheck = 2600;
				TargetAttributes = {
					5B58A7292E9F9E4C00EE2E22 = {
						CreatedOnToolsVersion = 26.0.1;
					};
					5B9F8A492EDEF66400E9B6F3 = {
						CreatedOnToolsVersion = 26.1.1;
						TestTargetID = 5B58A7292E9F9E4C00EE2E22;
					};
					5B9F8A562EDF108B00E9B6F3 = {
						CreatedOnToolsVersion = 26.1.1;
						TestTargetID = 5B58A7292E9F9E4C00EE2E22;
					};
				};
			};
			buildConfigurationList = 5B58A7252E9F9E4C00EE2E22 /* Build configuration list for PBXProject "pomodoro-app" */;
			developmentRegion = en;
			hasScannedForEncodings = 0;
			knownRegions = (
				en,
				Base,
			);
			mainGroup = 5B58A7212E9F9E4C00EE2E22;
			minimizedProjectReferenceProxies = 1;
			preferredProjectObjectVersion = 77;
			productRefGroup = 5B58A72B2E9F9E4C00EE2E22 /* Products */;
			projectDirPath = "";
			projectRoot = "";
			targets = (
				5B58A7292E9F9E4C00EE2E22 /* pomodoro-app */,
				5B9F8A492EDEF66400E9B6F3 /* pomodoro-appTests */,
				5B9F8A562EDF108B00E9B6F3 /* pomodoro-appUITests */,
			);
		};
/* End PBXProject section */

/* Begin PBXResourcesBuildPhase section */
		5B58A7282E9F9E4C00EE2E22 /* Resources */ = {
			isa = PBXResourcesBuildPhase;
			buildActionMask = 2147483647;
			files = (
			);
			runOnlyForDeploymentPostprocessing = 0;
		};
		5B9F8A482EDEF66400E9B6F3 /* Resources */ = {
			isa = PBXResourcesBuildPhase;
			buildActionMask = 2147483647;
			files = (
			);
			runOnlyForDeploymentPostprocessing = 0;
		};
		5B9F8A552EDF108B00E9B6F3 /* Resources */ = {
			isa = PBXResourcesBuildPhase;
			buildActionMask = 2147483647;
			files = (
			);
			runOnlyForDeploymentPostprocessing = 0;
		};
/* End PBXResourcesBuildPhase section */

/* Begin PBXSourcesBuildPhase section */
		5B58A7262E9F9E4C00EE2E22 /* Sources */ = {
			isa = PBXSourcesBuildPhase;
			buildActionMask = 2147483647;
			files = (
			);
			runOnlyForDeploymentPostprocessing = 0;
		};
		5B9F8A462EDEF66400E9B6F3 /* Sources */ = {
			isa = PBXSourcesBuildPhase;
			buildActionMask = 2147483647;
			files = (
			);
			runOnlyForDeploymentPostprocessing = 0;
		};
		5B9F8A532EDF108B00E9B6F3 /* Sources */ = {
			isa = PBXSourcesBuildPhase;
			buildActionMask = 2147483647;
			files = (
			);
			runOnlyForDeploymentPostprocessing = 0;
		};
/* End PBXSourcesBuildPhase section */

/* Begin PBXTargetDependency section */
		5B9F8A4F2EDEF66400E9B6F3 /* PBXTargetDependency */ = {
			isa = PBXTargetDependency;
			target = 5B58A7292E9F9E4C00EE2E22 /* pomodoro-app */;
			targetProxy = 5B9F8A4E2EDEF66400E9B6F3 /* PBXContainerItemProxy */;
		};
		5B9F8A5E2EDF108B00E9B6F3 /* PBXTargetDependency */ = {
			isa = PBXTargetDependency;
			target = 5B58A7292E9F9E4C00EE2E22 /* pomodoro-app */;
			targetProxy = 5B9F8A5D2EDF108B00E9B6F3 /* PBXContainerItemProxy */;
		};
/* End PBXTargetDependency section */

/* Begin XCBuildConfiguration section */
		5B58A7332E9F9E4E00EE2E22 /* Debug */ = {
			isa = XCBuildConfiguration;
			buildSettings = {
				ALWAYS_SEARCH_USER_PATHS = NO;
				ASSETCATALOG_COMPILER_GENERATE_SWIFT_ASSET_SYMBOL_EXTENSIONS = YES;
				CLANG_ANALYZER_NONNULL = YES;
				CLANG_ANALYZER_NUMBER_OBJECT_CONVERSION = YES_AGGRESSIVE;
				CLANG_CXX_LANGUAGE_STANDARD = "gnu++20";
				CLANG_ENABLE_MODULES = YES;
				CLANG_ENABLE_OBJC_ARC = YES;
				CLANG_ENABLE_OBJC_WEAK = YES;
				CLANG_WARN_BLOCK_CAPTURE_AUTORELEASING = YES;
				CLANG_WARN_BOOL_CONVERSION = YES;
				CLANG_WARN_COMMA = YES;
				CLANG_WARN_CONSTANT_CONVERSION = YES;
				CLANG_WARN_DEPRECATED_OBJC_IMPLEMENTATIONS = YES;
				CLANG_WARN_DIRECT_OBJC_ISA_USAGE = YES_ERROR;
				CLANG_WARN_DOCUMENTATION_COMMENTS = YES;
				CLANG_WARN_EMPTY_BODY = YES;
				CLANG_WARN_ENUM_CONVERSION = YES;
				CLANG_WARN_INFINITE_RECURSION = YES;
				CLANG_WARN_INT_CONVERSION = YES;
				CLANG_WARN_NON_LITERAL_NULL_CONVERSION = YES;
				CLANG_WARN_OBJC_IMPLICIT_RETAIN_SELF = YES;
				CLANG_WARN_OBJC_LITERAL_CONVERSION = YES;
				CLANG_WARN_OBJC_ROOT_CLASS = YES_ERROR;
				CLANG_WARN_QUOTED_INCLUDE_IN_FRAMEWORK_HEADER = YES;
				CLANG_WARN_RANGE_LOOP_ANALYSIS = YES;
				CLANG_WARN_STRICT_PROTOTYPES = YES;
				CLANG_WARN_SUSPICIOUS_MOVE = YES;
				CLANG_WARN_UNGUARDED_AVAILABILITY = YES_AGGRESSIVE;
				CLANG_WARN_UNREACHABLE_CODE = YES;
				CLANG_WARN__DUPLICATE_METHOD_MATCH = YES;
				COPY_PHASE_STRIP = NO;
				DEBUG_INFORMATION_FORMAT = dwarf;
				ENABLE_STRICT_OBJC_MSGSEND = YES;
				ENABLE_TESTABILITY = YES;
				ENABLE_USER_SCRIPT_SANDBOXING = YES;
				GCC_C_LANGUAGE_STANDARD = gnu17;
				GCC_DYNAMIC_NO_PIC = NO;
				GCC_NO_COMMON_BLOCKS = YES;
				GCC_OPTIMIZATION_LEVEL = 0;
				GCC_PREPROCESSOR_DEFINITIONS = (
					"DEBUG=1",
					"$(inherited)",
				);
				GCC_WARN_64_TO_32_BIT_CONVERSION = YES;
				GCC_WARN_ABOUT_RETURN_TYPE = YES_ERROR;
				GCC_WARN_UNDECLARED_SELECTOR = YES;
				GCC_WARN_UNINITIALIZED_AUTOS = YES_AGGRESSIVE;
				GCC_WARN_UNUSED_FUNCTION = YES;
				GCC_WARN_UNUSED_VARIABLE = YES;
				IPHONEOS_DEPLOYMENT_TARGET = 26.0;
				LOCALIZATION_PREFERS_STRING_CATALOGS = YES;
				MTL_ENABLE_DEBUG_INFO = INCLUDE_SOURCE;
				MTL_FAST_MATH = YES;
				ONLY_ACTIVE_ARCH = YES;
				SDKROOT = iphoneos;
				SWIFT_ACTIVE_COMPILATION_CONDITIONS = "DEBUG $(inherited)";
				SWIFT_OPTIMIZATION_LEVEL = "-Onone";
			};
			name = Debug;
		};
		5B58A7342E9F9E4E00EE2E22 /* Release */ = {
			isa = XCBuildConfiguration;
			buildSettings = {
				ALWAYS_SEARCH_USER_PATHS = NO;
				ASSETCATALOG_COMPILER_GENERATE_SWIFT_ASSET_SYMBOL_EXTENSIONS = YES;
				CLANG_ANALYZER_NONNULL = YES;
				CLANG_ANALYZER_NUMBER_OBJECT_CONVERSION = YES_AGGRESSIVE;
				CLANG_CXX_LANGUAGE_STANDARD = "gnu++20";
				CLANG_ENABLE_MODULES = YES;
				CLANG_ENABLE_OBJC_ARC = YES;
				CLANG_ENABLE_OBJC_WEAK = YES;
				CLANG_WARN_BLOCK_CAPTURE_AUTORELEASING = YES;
				CLANG_WARN_BOOL_CONVERSION = YES;
				CLANG_WARN_COMMA = YES;
				CLANG_WARN_CONSTANT_CONVERSION = YES;
				CLANG_WARN_DEPRECATED_OBJC_IMPLEMENTATIONS = YES;
				CLANG_WARN_DIRECT_OBJC_ISA_USAGE = YES_ERROR;
				CLANG_WARN_DOCUMENTATION_COMMENTS = YES;
				CLANG_WARN_EMPTY_BODY = YES;
				CLANG_WARN_ENUM_CONVERSION = YES;
				CLANG_WARN_INFINITE_RECURSION = YES;
				CLANG_WARN_INT_CONVERSION = YES;
				CLANG_WARN_NON_LITERAL_NULL_CONVERSION = YES;
				CLANG_WARN_OBJC_IMPLICIT_RETAIN_SELF = YES;
				CLANG_WARN_OBJC_LITERAL_CONVERSION = YES;
				CLANG_WARN_OBJC_ROOT_CLASS = YES_ERROR;
				CLANG_WARN_QUOTED_INCLUDE_IN_FRAMEWORK_HEADER = YES;
				CLANG_WARN_RANGE_LOOP_ANALYSIS = YES;
				CLANG_WARN_STRICT_PROTOTYPES = YES;
				CLANG_WARN_SUSPICIOUS_MOVE = YES;
				CLANG_WARN_UNGUARDED_AVAILABILITY = YES_AGGRESSIVE;
				CLANG_WARN_UNREACHABLE_CODE = YES;
				CLANG_WARN__DUPLICATE_METHOD_MATCH = YES;
				COPY_PHASE_STRIP = NO;
				DEBUG_INFORMATION_FORMAT = "dwarf-with-dsym";
				ENABLE_NS_ASSERTIONS = NO;
				ENABLE_STRICT_OBJC_MSGSEND = YES;
				ENABLE_USER_SCRIPT_SANDBOXING = YES;
				GCC_C_LANGUAGE_STANDARD = gnu17;
				GCC_NO_COMMON_BLOCKS = YES;
				GCC_WARN_64_TO_32_BIT_CONVERSION = YES;
				GCC_WARN_ABOUT_RETURN_TYPE = YES_ERROR;
				GCC_WARN_UNDECLARED_SELECTOR = YES;
				GCC_WARN_UNINITIALIZED_AUTOS = YES_AGGRESSIVE;
				GCC_WARN_UNUSED_FUNCTION = YES;
				GCC_WARN_UNUSED_VARIABLE = YES;
				IPHONEOS_DEPLOYMENT_TARGET = 26.0;
				LOCALIZATION_PREFERS_STRING_CATALOGS = YES;
				MTL_ENABLE_DEBUG_INFO = NO;
				MTL_FAST_MATH = YES;
				SDKROOT = iphoneos;
				SWIFT_COMPILATION_MODE = wholemodule;
				VALIDATE_PRODUCT = YES;
			};
			name = Release;
		};
		5B58A7362E9F9E4E00EE2E22 /* Debug */ = {
			isa = XCBuildConfiguration;
			buildSettings = {
				ASSETCATALOG_COMPILER_APPICON_NAME = AppIcon;
				ASSETCATALOG_COMPILER_GLOBAL_ACCENT_COLOR_NAME = AccentColor;
				CODE_SIGN_STYLE = Automatic;
				CURRENT_PROJECT_VERSION = 1;
				DEVELOPMENT_TEAM = 95YL5H66QT;
				ENABLE_PREVIEWS = YES;
				GENERATE_INFOPLIST_FILE = YES;
				INFOPLIST_FILE = "pomodoro-app/Info.plist";
				INFOPLIST_KEY_CFBundleDisplayName = "Odak Merkezi";
				INFOPLIST_KEY_LSApplicationCategoryType = "";
				INFOPLIST_KEY_UIApplicationSceneManifest_Generation = YES;
				INFOPLIST_KEY_UIApplicationSupportsIndirectInputEvents = YES;
				INFOPLIST_KEY_UILaunchScreen_Generation = YES;
				INFOPLIST_KEY_UISupportedInterfaceOrientations_iPad = "UIInterfaceOrientationPortrait UIInterfaceOrientationPortraitUpsideDown UIInterfaceOrientationLandscapeLeft UIInterfaceOrientationLandscapeRight";
				INFOPLIST_KEY_UISupportedInterfaceOrientations_iPhone = "UIInterfaceOrientationPortrait UIInterfaceOrientationLandscapeLeft UIInterfaceOrientationLandscapeRight";
				IPHONEOS_DEPLOYMENT_TARGET = 16.6;
				"IPHONEOS_DEPLOYMENT_TARGET[arch=*]" = 16.6;
				LD_RUNPATH_SEARCH_PATHS = (
					"$(inherited)",
					"@executable_path/Frameworks",
				);
				MARKETING_VERSION = 1.0;
				PRODUCT_BUNDLE_IDENTIFIER = tr.edu.ankarabilim.OdakMerkezi;
				PRODUCT_NAME = "$(TARGET_NAME)";
				STRING_CATALOG_GENERATE_SYMBOLS = YES;
				SWIFT_APPROACHABLE_CONCURRENCY = YES;
				SWIFT_DEFAULT_ACTOR_ISOLATION = MainActor;
				SWIFT_EMIT_LOC_STRINGS = YES;
				SWIFT_UPCOMING_FEATURE_MEMBER_IMPORT_VISIBILITY = YES;
				SWIFT_VERSION = 5.0;
				TARGETED_DEVICE_FAMILY = "1,2";
			};
			name = Debug;
		};
		5B58A7372E9F9E4E00EE2E22 /* Release */ = {
			isa = XCBuildConfiguration;
			buildSettings = {
				ASSETCATALOG_COMPILER_APPICON_NAME = AppIcon;
				ASSETCATALOG_COMPILER_GLOBAL_ACCENT_COLOR_NAME = AccentColor;
				CODE_SIGN_STYLE = Automatic;
				CURRENT_PROJECT_VERSION = 1;
				DEVELOPMENT_TEAM = 95YL5H66QT;
				ENABLE_PREVIEWS = YES;
				GENERATE_INFOPLIST_FILE = YES;
				INFOPLIST_FILE = "pomodoro-app/Info.plist";
				INFOPLIST_KEY_CFBundleDisplayName = "Odak Merkezi";
				INFOPLIST_KEY_LSApplicationCategoryType = "";
				INFOPLIST_KEY_UIApplicationSceneManifest_Generation = YES;
				INFOPLIST_KEY_UIApplicationSupportsIndirectInputEvents = YES;
				INFOPLIST_KEY_UILaunchScreen_Generation = YES;
				INFOPLIST_KEY_UISupportedInterfaceOrientations_iPad = "UIInterfaceOrientationPortrait UIInterfaceOrientationPortraitUpsideDown UIInterfaceOrientationLandscapeLeft UIInterfaceOrientationLandscapeRight";
				INFOPLIST_KEY_UISupportedInterfaceOrientations_iPhone = "UIInterfaceOrientationPortrait UIInterfaceOrientationLandscapeLeft UIInterfaceOrientationLandscapeRight";
				IPHONEOS_DEPLOYMENT_TARGET = 16.6;
				"IPHONEOS_DEPLOYMENT_TARGET[arch=*]" = 16.6;
				LD_RUNPATH_SEARCH_PATHS = (
					"$(inherited)",
					"@executable_path/Frameworks",
				);
				MARKETING_VERSION = 1.0;
				PRODUCT_BUNDLE_IDENTIFIER = tr.edu.ankarabilim.OdakMerkezi;
				PRODUCT_NAME = "$(TARGET_NAME)";
				STRING_CATALOG_GENERATE_SYMBOLS = YES;
				SWIFT_APPROACHABLE_CONCURRENCY = YES;
				SWIFT_DEFAULT_ACTOR_ISOLATION = MainActor;
				SWIFT_EMIT_LOC_STRINGS = YES;
				SWIFT_UPCOMING_FEATURE_MEMBER_IMPORT_VISIBILITY = YES;
				SWIFT_VERSION = 5.0;
				TARGETED_DEVICE_FAMILY = "1,2";
			};
			name = Release;
		};
		5B9F8A512EDEF66400E9B6F3 /* Debug */ = {
			isa = XCBuildConfiguration;
			buildSettings = {
				BUNDLE_LOADER = "$(TEST_HOST)";
				CODE_SIGN_STYLE = Automatic;
				CURRENT_PROJECT_VERSION = 1;
				GENERATE_INFOPLIST_FILE = YES;
				IPHONEOS_DEPLOYMENT_TARGET = 16.6;
				MARKETING_VERSION = 1.0;
				PRODUCT_BUNDLE_IDENTIFIER = "com.ankarabilim.pomodoro.pomodoro-appTests";
				PRODUCT_NAME = "$(TARGET_NAME)";
				STRING_CATALOG_GENERATE_SYMBOLS = NO;
				SWIFT_APPROACHABLE_CONCURRENCY = YES;
				SWIFT_EMIT_LOC_STRINGS = NO;
				SWIFT_UPCOMING_FEATURE_MEMBER_IMPORT_VISIBILITY = YES;
				SWIFT_VERSION = 5.0;
				TARGETED_DEVICE_FAMILY = "1,2";
				TEST_HOST = "$(BUILT_PRODUCTS_DIR)/pomodoro-app.app/$(BUNDLE_EXECUTABLE_FOLDER_PATH)/pomodoro-app";
			};
			name = Debug;
		};
		5B9F8A522EDEF66400E9B6F3 /* Release */ = {
			isa = XCBuildConfiguration;
			buildSettings = {
				BUNDLE_LOADER = "$(TEST_HOST)";
				CODE_SIGN_STYLE = Automatic;
				CURRENT_PROJECT_VERSION = 1;
				GENERATE_INFOPLIST_FILE = YES;
				IPHONEOS_DEPLOYMENT_TARGET = 16.6;
				MARKETING_VERSION = 1.0;
				PRODUCT_BUNDLE_IDENTIFIER = "com.ankarabilim.pomodoro.pomodoro-appTests";
				PRODUCT_NAME = "$(TARGET_NAME)";
				STRING_CATALOG_GENERATE_SYMBOLS = NO;
				SWIFT_APPROACHABLE_CONCURRENCY = YES;
				SWIFT_EMIT_LOC_STRINGS = NO;
				SWIFT_UPCOMING_FEATURE_MEMBER_IMPORT_VISIBILITY = YES;
				SWIFT_VERSION = 5.0;
				TARGETED_DEVICE_FAMILY = "1,2";
				TEST_HOST = "$(BUILT_PRODUCTS_DIR)/pomodoro-app.app/$(BUNDLE_EXECUTABLE_FOLDER_PATH)/pomodoro-app";
			};
			name = Release;
		};
		5B9F8A602EDF108B00E9B6F3 /* Debug */ = {
			isa = XCBuildConfiguration;
			buildSettings = {
				CODE_SIGN_STYLE = Automatic;
				CURRENT_PROJECT_VERSION = 1;
				GENERATE_INFOPLIST_FILE = YES;
				IPHONEOS_DEPLOYMENT_TARGET = 26.1;
				MARKETING_VERSION = 1.0;
				PRODUCT_BUNDLE_IDENTIFIER = "com.ankarabilim.pomodoro.pomodoro-appUITests";
				PRODUCT_NAME = "$(TARGET_NAME)";
				STRING_CATALOG_GENERATE_SYMBOLS = NO;
				SWIFT_APPROACHABLE_CONCURRENCY = YES;
				SWIFT_EMIT_LOC_STRINGS = NO;
				SWIFT_UPCOMING_FEATURE_MEMBER_IMPORT_VISIBILITY = YES;
				SWIFT_VERSION = 5.0;
				TARGETED_DEVICE_FAMILY = "1,2";
				TEST_TARGET_NAME = "pomodoro-app";
			};
			name = Debug;
		};
		5B9F8A612EDF108B00E9B6F3 /* Release */ = {
			isa = XCBuildConfiguration;
			buildSettings = {
				CODE_SIGN_STYLE = Automatic;
				CURRENT_PROJECT_VERSION = 1;
				GENERATE_INFOPLIST_FILE = YES;
				IPHONEOS_DEPLOYMENT_TARGET = 26.1;
				MARKETING_VERSION = 1.0;
				PRODUCT_BUNDLE_IDENTIFIER = "com.ankarabilim.pomodoro.pomodoro-appUITests";
				PRODUCT_NAME = "$(TARGET_NAME)";
				STRING_CATALOG_GENERATE_SYMBOLS = NO;
				SWIFT_APPROACHABLE_CONCURRENCY = YES;
				SWIFT_EMIT_LOC_STRINGS = NO;
				SWIFT_UPCOMING_FEATURE_MEMBER_IMPORT_VISIBILITY = YES;
				SWIFT_VERSION = 5.0;
				TARGETED_DEVICE_FAMILY = "1,2";
				TEST_TARGET_NAME = "pomodoro-app";
			};
			name = Release;
		};
/* End XCBuildConfiguration section */

/* Begin XCConfigurationList section */
		5B58A7252E9F9E4C00EE2E22 /* Build configuration list for PBXProject "pomodoro-app" */ = {
			isa = XCConfigurationList;
			buildConfigurations = (
				5B58A7332E9F9E4E00EE2E22 /* Debug */,
				5B58A7342E9F9E4E00EE2E22 /* Release */,
			);
			defaultConfigurationIsVisible = 0;
			defaultConfigurationName = Release;
		};
		5B58A7352E9F9E4E00EE2E22 /* Build configuration list for PBXNativeTarget "pomodoro-app" */ = {
			isa = XCConfigurationList;
			buildConfigurations = (
				5B58A7362E9F9E4E00EE2E22 /* Debug */,
				5B58A7372E9F9E4E00EE2E22 /* Release */,
			);
			defaultConfigurationIsVisible = 0;
			defaultConfigurationName = Release;
		};
		5B9F8A502EDEF66400E9B6F3 /* Build configuration list for PBXNativeTarget "pomodoro-appTests" */ = {
			isa = XCConfigurationList;
			buildConfigurations = (
				5B9F8A512EDEF66400E9B6F3 /* Debug */,
				5B9F8A522EDEF66400E9B6F3 /* Release */,
			);
			defaultConfigurationIsVisible = 0;
			defaultConfigurationName = Release;
		};
		5B9F8A5F2EDF108B00E9B6F3 /* Build configuration list for PBXNativeTarget "pomodoro-appUITests" */ = {
			isa = XCConfigurationList;
			buildConfigurations = (
				5B9F8A602EDF108B00E9B6F3 /* Debug */,
				5B9F8A612EDF108B00E9B6F3 /* Release */,
			);
			defaultConfigurationIsVisible = 0;
			defaultConfigurationName = Release;
		};
/* End XCConfigurationList section */
	};
	rootObject = 5B58A7222E9F9E4C00EE2E22 /* Project object */;
}
